
Microsoft Visual Studio Solution File, Format Version 12.00
# Visual Studio Version 17
VisualStudioVersion = 17.6.33801.468
MinimumVisualStudioVersion = 10.0.40219.1
Project("{FAE04EC0-301F-11D3-BF4B-00C04F79EFBC}") = "BookStore", "BookStore\BookStore\BookStore.csproj", "{CD8D5CEE-A949-4B4B-8A6B-81B2389E5E9D}"
EndProject
Project("{9A19103F-16F7-4668-BE54-9A1E7A4F7556}") = "calculatorlProject", "calculatorlProject\calculatorlProject\calculatorlProject.csproj", "{4A0C6601-E9ED-4562-B985-83AA523AD4E5}"
EndProject
Project("{9A19103F-16F7-4668-BE54-9A1E7A4F7556}") = "GuessTheNumber", "GuessTheNumber\GuessTheNumber\GuessTheNumber.csproj", "{69DE21EF-7A84-4075-BA39-5D41C962DAC6}"
EndProject
Global
	GlobalSection(SolutionConfigurationPlatforms) = preSolution
		Debug|Any CPU = Debug|Any CPU
		Release|Any CPU = Release|Any CPU
	EndGlobalSection
	GlobalSection(ProjectConfigurationPlatforms) = postSolution
		{CD8D5CEE-A949-4B4B-8A6B-81B2389E5E9D}.Debug|Any CPU.ActiveCfg = Debug|Any CPU
		{CD8D5CEE-A949-4B4B-8A6B-81B2389E5E9D}.Debug|Any CPU.Build.0 = Debug|Any CPU
		{CD8D5CEE-A949-4B4B-8A6B-81B2389E5E9D}.Release|Any CPU.ActiveCfg = Release|Any CPU
		{CD8D5CEE-A949-4B4B-8A6B-81B2389E5E9D}.Release|Any CPU.Build.0 = Release|Any CPU
		{4A0C6601-E9ED-4562-B985-83AA523AD4E5}.Debug|Any CPU.ActiveCfg = Debug|Any CPU
		{4A0C6601-E9ED-4562-B985-83AA523AD4E5}.Debug|Any CPU.Build.0 = Debug|Any CPU
		{4A0C6601-E9ED-4562-B985-83AA523AD4E5}.Release|Any CPU.ActiveCfg = Release|Any CPU
		{4A0C6601-E9ED-4562-B985-83AA523AD4E5}.Release|Any CPU.Build.0 = Release|Any CPU
		{69DE21EF-7A84-4075-BA39-5D41C962DAC6}.Debug|Any CPU.ActiveCfg = Debug|Any CPU
		{69DE21EF-7A84-4075-BA39-5D41C962DAC6}.Debug|Any CPU.Build.0 = Debug|Any CPU
		{69DE21EF-7A84-4075-BA39-5D41C962DAC6}.Release|Any CPU.ActiveCfg = Release|Any CPU
		{69DE21EF-7A84-4075-BA39-5D41C962DAC6}.Release|Any CPU.Build.0 = Release|Any CPU
	EndGlobalSection
	GlobalSection(SolutionProperties) = preSolution
		HideSolutionNode = FALSE
	EndGlobalSection
	GlobalSection(ExtensibilityGlobals) = postSolution
		SolutionGuid = {9922FCD4-A642-4FF6-8C9B-238942D7A46D}
	EndGlobalSection
EndGlobal
