
Microsoft Visual Studio Solution File, Format Version 12.00
# Visual Studio Version 17
VisualStudioVersion = 17.7.34202.233
MinimumVisualStudioVersion = 10.0.40219.1
Project("{FAE04EC0-301F-11D3-BF4B-00C04F79EFBC}") = "calculatorlProject", "calculatorlProject\calculatorlProject.csproj", "{CBA82B06-8A66-4C6C-8B39-406F84050360}"
EndProject
Global
	GlobalSection(SolutionConfigurationPlatforms) = preSolution
		Debug|Any CPU = Debug|Any CPU
		Release|Any CPU = Release|Any CPU
	EndGlobalSection
	GlobalSection(ProjectConfigurationPlatforms) = postSolution
		{CBA82B06-8A66-4C6C-8B39-406F84050360}.Debug|Any CPU.ActiveCfg = Debug|Any CPU
		{CBA82B06-8A66-4C6C-8B39-406F84050360}.Debug|Any CPU.Build.0 = Debug|Any CPU
		{CBA82B06-8A66-4C6C-8B39-406F84050360}.Release|Any CPU.ActiveCfg = Release|Any CPU
		{CBA82B06-8A66-4C6C-8B39-406F84050360}.Release|Any CPU.Build.0 = Release|Any CPU
	EndGlobalSection
	GlobalSection(SolutionProperties) = preSolution
		HideSolutionNode = FALSE
	EndGlobalSection
	GlobalSection(ExtensibilityGlobals) = postSolution
		SolutionGuid = {8103B449-9C8D-4B57-9080-D8E8D608B329}
	EndGlobalSection
EndGlobal
